// !$*UTF8*$!
{
	archiveVersion = 1;
	classes = {
	};
	objectVersion = 52;
	objects = {

/* Begin PBXBuildFile section */
		0417967426875BBE0032C996 /* Localizable.strings in Resources */ = {isa = PBXBuildFile; fileRef = 0417967626875BBE0032C996 /* Localizable.strings */; };
		041796A126877A470032C996 /* CodeScanner in Frameworks */ = {isa = PBXBuildFile; productRef = 041796A026877A470032C996 /* CodeScanner */; };
		041889562684BB1D003F8B71 /* EditView.swift in Sources */ = {isa = PBXBuildFile; fileRef = 041889552684BB1D003F8B71 /* EditView.swift */; };
		04696EDE267D13C000F742CA /* Assets.xcassets in Resources */ = {isa = PBXBuildFile; fileRef = 04696EDD267D13C000F742CA /* Assets.xcassets */; };
		04696EE5267D13C000F742CA /* watch Extension.appex in Embed App Extensions */ = {isa = PBXBuildFile; fileRef = 04696EE4267D13C000F742CA /* watch Extension.appex */; settings = {ATTRIBUTES = (RemoveHeadersOnCopy, ); }; };
		04696EEA267D13C000F742CA /* ContentView.swift in Sources */ = {isa = PBXBuildFile; fileRef = 04696EE9267D13C000F742CA /* ContentView.swift */; };
		04696EF0267D13C200F742CA /* Assets.xcassets in Resources */ = {isa = PBXBuildFile; fileRef = 04696EEF267D13C200F742CA /* Assets.xcassets */; };
		04696EF3267D13C200F742CA /* Preview Assets.xcassets in Resources */ = {isa = PBXBuildFile; fileRef = 04696EF2267D13C200F742CA /* Preview Assets.xcassets */; };
		04696EF7267D13C200F742CA /* watch.app in Embed Watch Content */ = {isa = PBXBuildFile; fileRef = 04696EDB267D13BE00F742CA /* watch.app */; settings = {ATTRIBUTES = (RemoveHeadersOnCopy, ); }; };
		04696F04267D154700F742CA /* BetterAuthenticatorApp.swift in Sources */ = {isa = PBXBuildFile; fileRef = 04FCA21F267816E800C86A9B /* BetterAuthenticatorApp.swift */; };
		04696F52267DCF4C00F742CA /* keychain.swift in Sources */ = {isa = PBXBuildFile; fileRef = 04696F51267DCF4C00F742CA /* keychain.swift */; };
		04696F53267DCF4C00F742CA /* keychain.swift in Sources */ = {isa = PBXBuildFile; fileRef = 04696F51267DCF4C00F742CA /* keychain.swift */; };
		04696F5F26801C7C00F742CA /* storage.swift in Sources */ = {isa = PBXBuildFile; fileRef = 04696F5E26801C7C00F742CA /* storage.swift */; };
		04696FD32681CB3000F742CA /* totp.swift in Sources */ = {isa = PBXBuildFile; fileRef = 04696FD22681CB3000F742CA /* totp.swift */; };
		04696FD42681CB3000F742CA /* totp.swift in Sources */ = {isa = PBXBuildFile; fileRef = 04696FD22681CB3000F742CA /* totp.swift */; };
		04696FE12681DA7F00F742CA /* Base32 in Frameworks */ = {isa = PBXBuildFile; productRef = 04696FE02681DA7F00F742CA /* Base32 */; };
		046970022681EFDE00F742CA /* Base32 in Frameworks */ = {isa = PBXBuildFile; productRef = 046970012681EFDE00F742CA /* Base32 */; };
		0469700D26820AEF00F742CA /* storage.swift in Sources */ = {isa = PBXBuildFile; fileRef = 04696F5E26801C7C00F742CA /* storage.swift */; };
		048186C8268A439B00E3F690 /* watch.swift in Sources */ = {isa = PBXBuildFile; fileRef = 048186C7268A439B00E3F690 /* watch.swift */; };
		048186C9268A439B00E3F690 /* watch.swift in Sources */ = {isa = PBXBuildFile; fileRef = 048186C7268A439B00E3F690 /* watch.swift */; };
		04D43F5826785C270026FC1E /* ScannerView.swift in Sources */ = {isa = PBXBuildFile; fileRef = 04D43F5726785C260026FC1E /* ScannerView.swift */; };
		04FCA220267816E800C86A9B /* BetterAuthenticatorApp.swift in Sources */ = {isa = PBXBuildFile; fileRef = 04FCA21F267816E800C86A9B /* BetterAuthenticatorApp.swift */; };
		04FCA222267816E800C86A9B /* ContentView.swift in Sources */ = {isa = PBXBuildFile; fileRef = 04FCA221267816E800C86A9B /* ContentView.swift */; };
		04FCA224267816EA00C86A9B /* Assets.xcassets in Resources */ = {isa = PBXBuildFile; fileRef = 04FCA223267816EA00C86A9B /* Assets.xcassets */; };
		04FCA227267816EA00C86A9B /* Preview Assets.xcassets in Resources */ = {isa = PBXBuildFile; fileRef = 04FCA226267816EA00C86A9B /* Preview Assets.xcassets */; };
		04FCA232267816EA00C86A9B /* BetterAuthenticatorTests.swift in Sources */ = {isa = PBXBuildFile; fileRef = 04FCA231267816EA00C86A9B /* BetterAuthenticatorTests.swift */; };
		04FCA23D267816EA00C86A9B /* BetterAuthenticatorUITests.swift in Sources */ = {isa = PBXBuildFile; fileRef = 04FCA23C267816EA00C86A9B /* BetterAuthenticatorUITests.swift */; };
		04FCA27C26784F3500C86A9B /* AddView.swift in Sources */ = {isa = PBXBuildFile; fileRef = 04FCA27B26784F3500C86A9B /* AddView.swift */; };
		04FCA28326784F7000C86A9B /* info.swift in Sources */ = {isa = PBXBuildFile; fileRef = 04FCA28226784F7000C86A9B /* info.swift */; };
		BF6AAD32276E3CB900932ADA /* CodeList.swift in Sources */ = {isa = PBXBuildFile; fileRef = BF6AAD31276E3CB900932ADA /* CodeList.swift */; };
		BF6AAD34276E53F900932ADA /* extensions.swift in Sources */ = {isa = PBXBuildFile; fileRef = BF6AAD33276E53F900932ADA /* extensions.swift */; };
		BF6AAD35276E53F900932ADA /* extensions.swift in Sources */ = {isa = PBXBuildFile; fileRef = BF6AAD33276E53F900932ADA /* extensions.swift */; };
		BF6AAD3B276E707200932ADA /* codeView.swift in Sources */ = {isa = PBXBuildFile; fileRef = BF6AAD3A276E707200932ADA /* codeView.swift */; };
		BF6AAD3C276E707200932ADA /* codeView.swift in Sources */ = {isa = PBXBuildFile; fileRef = BF6AAD3A276E707200932ADA /* codeView.swift */; };
		BF6AAD3F276E749700932ADA /* CodeList.swift in Sources */ = {isa = PBXBuildFile; fileRef = BF6AAD3E276E749700932ADA /* CodeList.swift */; };
		BF6AAD41276E8DD200932ADA /* misc.swift in Sources */ = {isa = PBXBuildFile; fileRef = BF6AAD40276E8DD200932ADA /* misc.swift */; };
		BFAC20E72773D3E900D455C4 /* InfoPlist.strings in Resources */ = {isa = PBXBuildFile; fileRef = BFAC20E92773D3E900D455C4 /* InfoPlist.strings */; };
/* End PBXBuildFile section */

/* Begin PBXContainerItemProxy section */
		04696EE6267D13C000F742CA /* PBXContainerItemProxy */ = {
			isa = PBXContainerItemProxy;
			containerPortal = 04FCA214267816E700C86A9B /* Project object */;
			proxyType = 1;
			remoteGlobalIDString = 04696EE3267D13C000F742CA;
			remoteInfo = "watch Extension";
		};
		04696EF5267D13C200F742CA /* PBXContainerItemProxy */ = {
			isa = PBXContainerItemProxy;
			containerPortal = 04FCA214267816E700C86A9B /* Project object */;
			proxyType = 1;
			remoteGlobalIDString = 04696EDA267D13BE00F742CA;
			remoteInfo = watch;
		};
		04FCA22E267816EA00C86A9B /* PBXContainerItemProxy */ = {
			isa = PBXContainerItemProxy;
			containerPortal = 04FCA214267816E700C86A9B /* Project object */;
			proxyType = 1;
			remoteGlobalIDString = 04FCA21B267816E800C86A9B;
			remoteInfo = BetterAuthenticator;
		};
		04FCA239267816EA00C86A9B /* PBXContainerItemProxy */ = {
			isa = PBXContainerItemProxy;
			containerPortal = 04FCA214267816E700C86A9B /* Project object */;
			proxyType = 1;
			remoteGlobalIDString = 04FCA21B267816E800C86A9B;
			remoteInfo = BetterAuthenticator;
		};
/* End PBXContainerItemProxy section */

/* Begin PBXCopyFilesBuildPhase section */
		04696EFB267D13C200F742CA /* Embed App Extensions */ = {
			isa = PBXCopyFilesBuildPhase;
			buildActionMask = 2147483647;
			dstPath = "";
			dstSubfolderSpec = 13;
			files = (
				04696EE5267D13C000F742CA /* watch Extension.appex in Embed App Extensions */,
			);
			name = "Embed App Extensions";
			runOnlyForDeploymentPostprocessing = 0;
		};
		04FCA26C267816ED00C86A9B /* Embed Watch Content */ = {
			isa = PBXCopyFilesBuildPhase;
			buildActionMask = 2147483647;
			dstPath = "$(CONTENTS_FOLDER_PATH)/Watch";
			dstSubfolderSpec = 16;
			files = (
				04696EF7267D13C200F742CA /* watch.app in Embed Watch Content */,
			);
			name = "Embed Watch Content";
			runOnlyForDeploymentPostprocessing = 0;
		};
/* End PBXCopyFilesBuildPhase section */

/* Begin PBXFileReference section */
		0417967726875BC50032C996 /* ru */ = {isa = PBXFileReference; lastKnownFileType = text.plist.strings; name = ru; path = ru.lproj/Localizable.strings; sourceTree = "<group>"; };
		041889552684BB1D003F8B71 /* EditView.swift */ = {isa = PBXFileReference; lastKnownFileType = sourcecode.swift; path = EditView.swift; sourceTree = "<group>"; };
		04696EDB267D13BE00F742CA /* watch.app */ = {isa = PBXFileReference; explicitFileType = wrapper.application; includeInIndex = 0; path = watch.app; sourceTree = BUILT_PRODUCTS_DIR; };
		04696EDD267D13C000F742CA /* Assets.xcassets */ = {isa = PBXFileReference; lastKnownFileType = folder.assetcatalog; path = Assets.xcassets; sourceTree = "<group>"; };
		04696EDF267D13C000F742CA /* Info.plist */ = {isa = PBXFileReference; lastKnownFileType = text.plist.xml; path = Info.plist; sourceTree = "<group>"; };
		04696EE4267D13C000F742CA /* watch Extension.appex */ = {isa = PBXFileReference; explicitFileType = "wrapper.app-extension"; includeInIndex = 0; path = "watch Extension.appex"; sourceTree = BUILT_PRODUCTS_DIR; };
		04696EE9267D13C000F742CA /* ContentView.swift */ = {isa = PBXFileReference; lastKnownFileType = sourcecode.swift; path = ContentView.swift; sourceTree = "<group>"; };
		04696EEF267D13C200F742CA /* Assets.xcassets */ = {isa = PBXFileReference; lastKnownFileType = folder.assetcatalog; path = Assets.xcassets; sourceTree = "<group>"; };
		04696EF2267D13C200F742CA /* Preview Assets.xcassets */ = {isa = PBXFileReference; lastKnownFileType = folder.assetcatalog; path = "Preview Assets.xcassets"; sourceTree = "<group>"; };
		04696EF4267D13C200F742CA /* Info.plist */ = {isa = PBXFileReference; lastKnownFileType = text.plist.xml; path = Info.plist; sourceTree = "<group>"; };
		04696F51267DCF4C00F742CA /* keychain.swift */ = {isa = PBXFileReference; lastKnownFileType = sourcecode.swift; path = keychain.swift; sourceTree = "<group>"; };
		04696F5E26801C7C00F742CA /* storage.swift */ = {isa = PBXFileReference; lastKnownFileType = sourcecode.swift; path = storage.swift; sourceTree = "<group>"; };
		04696FB12680ED6000F742CA /* BetterAuthenticator.entitlements */ = {isa = PBXFileReference; lastKnownFileType = text.plist.entitlements; path = BetterAuthenticator.entitlements; sourceTree = "<group>"; };
		04696FB72680ED7800F742CA /* watch Extension.entitlements */ = {isa = PBXFileReference; lastKnownFileType = text.plist.entitlements; path = "watch Extension.entitlements"; sourceTree = "<group>"; };
		04696FD22681CB3000F742CA /* totp.swift */ = {isa = PBXFileReference; fileEncoding = 4; lastKnownFileType = sourcecode.swift; path = totp.swift; sourceTree = "<group>"; };
		04696FEE2681E4FA00F742CA /* Security.framework */ = {isa = PBXFileReference; lastKnownFileType = wrapper.framework; name = Security.framework; path = Platforms/iPhoneOS.platform/Developer/SDKs/iPhoneOS14.4.sdk/System/Library/Frameworks/Security.framework; sourceTree = DEVELOPER_DIR; };
		04696FF02681E50400F742CA /* Security.framework */ = {isa = PBXFileReference; lastKnownFileType = wrapper.framework; name = Security.framework; path = Platforms/WatchOS.platform/Developer/SDKs/WatchOS7.2.sdk/System/Library/Frameworks/Security.framework; sourceTree = DEVELOPER_DIR; };
		048186C7268A439B00E3F690 /* watch.swift */ = {isa = PBXFileReference; fileEncoding = 4; lastKnownFileType = sourcecode.swift; path = watch.swift; sourceTree = "<group>"; };
		04D43F5726785C260026FC1E /* ScannerView.swift */ = {isa = PBXFileReference; lastKnownFileType = sourcecode.swift; path = ScannerView.swift; sourceTree = "<group>"; };
		04D7F07B26889D7700EA58C5 /* watch.entitlements */ = {isa = PBXFileReference; lastKnownFileType = text.plist.entitlements; path = watch.entitlements; sourceTree = "<group>"; };
		04FCA21C267816E800C86A9B /* BetterAuthenticator.app */ = {isa = PBXFileReference; explicitFileType = wrapper.application; includeInIndex = 0; path = BetterAuthenticator.app; sourceTree = BUILT_PRODUCTS_DIR; };
		04FCA21F267816E800C86A9B /* BetterAuthenticatorApp.swift */ = {isa = PBXFileReference; lastKnownFileType = sourcecode.swift; path = BetterAuthenticatorApp.swift; sourceTree = "<group>"; };
		04FCA221267816E800C86A9B /* ContentView.swift */ = {isa = PBXFileReference; lastKnownFileType = sourcecode.swift; path = ContentView.swift; sourceTree = "<group>"; };
		04FCA223267816EA00C86A9B /* Assets.xcassets */ = {isa = PBXFileReference; lastKnownFileType = folder.assetcatalog; path = Assets.xcassets; sourceTree = "<group>"; };
		04FCA226267816EA00C86A9B /* Preview Assets.xcassets */ = {isa = PBXFileReference; lastKnownFileType = folder.assetcatalog; path = "Preview Assets.xcassets"; sourceTree = "<group>"; };
		04FCA228267816EA00C86A9B /* Info.plist */ = {isa = PBXFileReference; lastKnownFileType = text.plist.xml; path = Info.plist; sourceTree = "<group>"; };
		04FCA22D267816EA00C86A9B /* BetterAuthenticatorTests.xctest */ = {isa = PBXFileReference; explicitFileType = wrapper.cfbundle; includeInIndex = 0; path = BetterAuthenticatorTests.xctest; sourceTree = BUILT_PRODUCTS_DIR; };
		04FCA231267816EA00C86A9B /* BetterAuthenticatorTests.swift */ = {isa = PBXFileReference; lastKnownFileType = sourcecode.swift; path = BetterAuthenticatorTests.swift; sourceTree = "<group>"; };
		04FCA233267816EA00C86A9B /* Info.plist */ = {isa = PBXFileReference; lastKnownFileType = text.plist.xml; path = Info.plist; sourceTree = "<group>"; };
		04FCA238267816EA00C86A9B /* BetterAuthenticatorUITests.xctest */ = {isa = PBXFileReference; explicitFileType = wrapper.cfbundle; includeInIndex = 0; path = BetterAuthenticatorUITests.xctest; sourceTree = BUILT_PRODUCTS_DIR; };
		04FCA23C267816EA00C86A9B /* BetterAuthenticatorUITests.swift */ = {isa = PBXFileReference; lastKnownFileType = sourcecode.swift; path = BetterAuthenticatorUITests.swift; sourceTree = "<group>"; };
		04FCA23E267816EA00C86A9B /* Info.plist */ = {isa = PBXFileReference; lastKnownFileType = text.plist.xml; path = Info.plist; sourceTree = "<group>"; };
		04FCA27B26784F3500C86A9B /* AddView.swift */ = {isa = PBXFileReference; lastKnownFileType = sourcecode.swift; path = AddView.swift; sourceTree = "<group>"; };
		04FCA28226784F7000C86A9B /* info.swift */ = {isa = PBXFileReference; lastKnownFileType = sourcecode.swift; path = info.swift; sourceTree = "<group>"; };
		BF68B98C27D75FE70087BA99 /* en */ = {isa = PBXFileReference; lastKnownFileType = text.plist.strings; name = en; path = en.lproj/Localizable.strings; sourceTree = "<group>"; };
		BF68B98D27D760580087BA99 /* en */ = {isa = PBXFileReference; lastKnownFileType = text.plist.strings; name = en; path = en.lproj/InfoPlist.strings; sourceTree = "<group>"; };
		BF6AAD31276E3CB900932ADA /* CodeList.swift */ = {isa = PBXFileReference; lastKnownFileType = sourcecode.swift; path = CodeList.swift; sourceTree = "<group>"; };
		BF6AAD33276E53F900932ADA /* extensions.swift */ = {isa = PBXFileReference; lastKnownFileType = sourcecode.swift; path = extensions.swift; sourceTree = "<group>"; };
		BF6AAD3A276E707200932ADA /* codeView.swift */ = {isa = PBXFileReference; lastKnownFileType = sourcecode.swift; path = codeView.swift; sourceTree = "<group>"; };
		BF6AAD3E276E749700932ADA /* CodeList.swift */ = {isa = PBXFileReference; lastKnownFileType = sourcecode.swift; path = CodeList.swift; sourceTree = "<group>"; };
		BF6AAD40276E8DD200932ADA /* misc.swift */ = {isa = PBXFileReference; lastKnownFileType = sourcecode.swift; path = misc.swift; sourceTree = "<group>"; };
		BFAC20E82773D3E900D455C4 /* ru */ = {isa = PBXFileReference; lastKnownFileType = text.plist.strings; name = ru; path = ru.lproj/InfoPlist.strings; sourceTree = "<group>"; };
/* End PBXFileReference section */

/* Begin PBXFrameworksBuildPhase section */
		04696EE1267D13C000F742CA /* Frameworks */ = {
			isa = PBXFrameworksBuildPhase;
			buildActionMask = 2147483647;
			files = (
				046970022681EFDE00F742CA /* Base32 in Frameworks */,
			);
			runOnlyForDeploymentPostprocessing = 0;
		};
		04FCA219267816E800C86A9B /* Frameworks */ = {
			isa = PBXFrameworksBuildPhase;
			buildActionMask = 2147483647;
			files = (
				041796A126877A470032C996 /* CodeScanner in Frameworks */,
				04696FE12681DA7F00F742CA /* Base32 in Frameworks */,
			);
			runOnlyForDeploymentPostprocessing = 0;
		};
		04FCA22A267816EA00C86A9B /* Frameworks */ = {
			isa = PBXFrameworksBuildPhase;
			buildActionMask = 2147483647;
			files = (
			);
			runOnlyForDeploymentPostprocessing = 0;
		};
		04FCA235267816EA00C86A9B /* Frameworks */ = {
			isa = PBXFrameworksBuildPhase;
			buildActionMask = 2147483647;
			files = (
			);
			runOnlyForDeploymentPostprocessing = 0;
		};
/* End PBXFrameworksBuildPhase section */

/* Begin PBXGroup section */
		04696EDC267D13BE00F742CA /* watch */ = {
			isa = PBXGroup;
			children = (
				04D7F07B26889D7700EA58C5 /* watch.entitlements */,
				04696EDD267D13C000F742CA /* Assets.xcassets */,
				04696EDF267D13C000F742CA /* Info.plist */,
			);
			path = watch;
			sourceTree = "<group>";
		};
		04696EE8267D13C000F742CA /* watch Extension */ = {
			isa = PBXGroup;
			children = (
				BF6AAD3D276E746800932ADA /* elements */,
				04696FB72680ED7800F742CA /* watch Extension.entitlements */,
				04696EE9267D13C000F742CA /* ContentView.swift */,
				04696EEF267D13C200F742CA /* Assets.xcassets */,
				04696EF4267D13C200F742CA /* Info.plist */,
				04696EF1267D13C200F742CA /* Preview Content */,
			);
			path = "watch Extension";
			sourceTree = "<group>";
		};
		04696EF1267D13C200F742CA /* Preview Content */ = {
			isa = PBXGroup;
			children = (
				04696EF2267D13C200F742CA /* Preview Assets.xcassets */,
			);
			path = "Preview Content";
			sourceTree = "<group>";
		};
		04696F47267DCECE00F742CA /* shared */ = {
			isa = PBXGroup;
			children = (
				04696FD22681CB3000F742CA /* totp.swift */,
				04696F51267DCF4C00F742CA /* keychain.swift */,
				04696F5E26801C7C00F742CA /* storage.swift */,
				048186C7268A439B00E3F690 /* watch.swift */,
			);
			path = shared;
			sourceTree = "<group>";
		};
		04696FCA268106AB00F742CA /* Frameworks */ = {
			isa = PBXGroup;
			children = (
				04696FF02681E50400F742CA /* Security.framework */,
				04696FEE2681E4FA00F742CA /* Security.framework */,
			);
			name = Frameworks;
			sourceTree = "<group>";
		};
		04FCA213267816E700C86A9B = {
			isa = PBXGroup;
			children = (
				0417967626875BBE0032C996 /* Localizable.strings */,
				04FCA21E267816E800C86A9B /* BetterAuthenticator */,
				04FCA230267816EA00C86A9B /* BetterAuthenticatorTests */,
				04FCA23B267816EA00C86A9B /* BetterAuthenticatorUITests */,
				04696EDC267D13BE00F742CA /* watch */,
				04696EE8267D13C000F742CA /* watch Extension */,
				04FCA21D267816E800C86A9B /* Products */,
				04696FCA268106AB00F742CA /* Frameworks */,
			);
			sourceTree = "<group>";
		};
		04FCA21D267816E800C86A9B /* Products */ = {
			isa = PBXGroup;
			children = (
				04FCA21C267816E800C86A9B /* BetterAuthenticator.app */,
				04FCA22D267816EA00C86A9B /* BetterAuthenticatorTests.xctest */,
				04FCA238267816EA00C86A9B /* BetterAuthenticatorUITests.xctest */,
				04696EDB267D13BE00F742CA /* watch.app */,
				04696EE4267D13C000F742CA /* watch Extension.appex */,
			);
			name = Products;
			sourceTree = "<group>";
		};
		04FCA21E267816E800C86A9B /* BetterAuthenticator */ = {
			isa = PBXGroup;
			children = (
				BF6AAD30276E3C9700932ADA /* elements */,
				04696FB12680ED6000F742CA /* BetterAuthenticator.entitlements */,
				04696F47267DCECE00F742CA /* shared */,
				04FCA21F267816E800C86A9B /* BetterAuthenticatorApp.swift */,
				04FCA221267816E800C86A9B /* ContentView.swift */,
				04FCA28226784F7000C86A9B /* info.swift */,
				04FCA223267816EA00C86A9B /* Assets.xcassets */,
				04FCA228267816EA00C86A9B /* Info.plist */,
				BFAC20E92773D3E900D455C4 /* InfoPlist.strings */,
				04FCA225267816EA00C86A9B /* Preview Content */,
				04FCA27B26784F3500C86A9B /* AddView.swift */,
				04D43F5726785C260026FC1E /* ScannerView.swift */,
				041889552684BB1D003F8B71 /* EditView.swift */,
				BF6AAD33276E53F900932ADA /* extensions.swift */,
				BF6AAD40276E8DD200932ADA /* misc.swift */,
			);
			path = BetterAuthenticator;
			sourceTree = "<group>";
		};
		04FCA225267816EA00C86A9B /* Preview Content */ = {
			isa = PBXGroup;
			children = (
				04FCA226267816EA00C86A9B /* Preview Assets.xcassets */,
			);
			path = "Preview Content";
			sourceTree = "<group>";
		};
		04FCA230267816EA00C86A9B /* BetterAuthenticatorTests */ = {
			isa = PBXGroup;
			children = (
				04FCA231267816EA00C86A9B /* BetterAuthenticatorTests.swift */,
				04FCA233267816EA00C86A9B /* Info.plist */,
			);
			path = BetterAuthenticatorTests;
			sourceTree = "<group>";
		};
		04FCA23B267816EA00C86A9B /* BetterAuthenticatorUITests */ = {
			isa = PBXGroup;
			children = (
				04FCA23C267816EA00C86A9B /* BetterAuthenticatorUITests.swift */,
				04FCA23E267816EA00C86A9B /* Info.plist */,
			);
			path = BetterAuthenticatorUITests;
			sourceTree = "<group>";
		};
		BF6AAD30276E3C9700932ADA /* elements */ = {
			isa = PBXGroup;
			children = (
				BF6AAD31276E3CB900932ADA /* CodeList.swift */,
				BF6AAD3A276E707200932ADA /* codeView.swift */,
			);
			path = elements;
			sourceTree = "<group>";
		};
		BF6AAD3D276E746800932ADA /* elements */ = {
			isa = PBXGroup;
			children = (
				BF6AAD3E276E749700932ADA /* CodeList.swift */,
			);
			path = elements;
			sourceTree = "<group>";
		};
/* End PBXGroup section */

/* Begin PBXNativeTarget section */
		04696EDA267D13BE00F742CA /* watch */ = {
			isa = PBXNativeTarget;
			buildConfigurationList = 04696EFC267D13C200F742CA /* Build configuration list for PBXNativeTarget "watch" */;
			buildPhases = (
				04696ED9267D13BE00F742CA /* Resources */,
				04696EFB267D13C200F742CA /* Embed App Extensions */,
			);
			buildRules = (
			);
			dependencies = (
				04696EE7267D13C000F742CA /* PBXTargetDependency */,
			);
			name = watch;
			productName = watch;
			productReference = 04696EDB267D13BE00F742CA /* watch.app */;
			productType = "com.apple.product-type.application.watchapp2";
		};
		04696EE3267D13C000F742CA /* watch Extension */ = {
			isa = PBXNativeTarget;
			buildConfigurationList = 04696EF8267D13C200F742CA /* Build configuration list for PBXNativeTarget "watch Extension" */;
			buildPhases = (
				04696EE0267D13C000F742CA /* Sources */,
				04696EE1267D13C000F742CA /* Frameworks */,
				04696EE2267D13C000F742CA /* Resources */,
			);
			buildRules = (
			);
			dependencies = (
			);
			name = "watch Extension";
			packageProductDependencies = (
				046970012681EFDE00F742CA /* Base32 */,
			);
			productName = "watch Extension";
			productReference = 04696EE4267D13C000F742CA /* watch Extension.appex */;
			productType = "com.apple.product-type.watchkit2-extension";
		};
		04FCA21B267816E800C86A9B /* BetterAuthenticator */ = {
			isa = PBXNativeTarget;
			buildConfigurationList = 04FCA26D267816ED00C86A9B /* Build configuration list for PBXNativeTarget "BetterAuthenticator" */;
			buildPhases = (
				04FCA218267816E800C86A9B /* Sources */,
				04FCA219267816E800C86A9B /* Frameworks */,
				04FCA21A267816E800C86A9B /* Resources */,
				04FCA26C267816ED00C86A9B /* Embed Watch Content */,
			);
			buildRules = (
			);
			dependencies = (
				04696EF6267D13C200F742CA /* PBXTargetDependency */,
			);
			name = BetterAuthenticator;
			packageProductDependencies = (
				04696FE02681DA7F00F742CA /* Base32 */,
				041796A026877A470032C996 /* CodeScanner */,
			);
			productName = BetterAuthenticator;
			productReference = 04FCA21C267816E800C86A9B /* BetterAuthenticator.app */;
			productType = "com.apple.product-type.application";
		};
		04FCA22C267816EA00C86A9B /* BetterAuthenticatorTests */ = {
			isa = PBXNativeTarget;
			buildConfigurationList = 04FCA270267816ED00C86A9B /* Build configuration list for PBXNativeTarget "BetterAuthenticatorTests" */;
			buildPhases = (
				04FCA229267816EA00C86A9B /* Sources */,
				04FCA22A267816EA00C86A9B /* Frameworks */,
				04FCA22B267816EA00C86A9B /* Resources */,
			);
			buildRules = (
			);
			dependencies = (
				04FCA22F267816EA00C86A9B /* PBXTargetDependency */,
			);
			name = BetterAuthenticatorTests;
			productName = BetterAuthenticatorTests;
			productReference = 04FCA22D267816EA00C86A9B /* BetterAuthenticatorTests.xctest */;
			productType = "com.apple.product-type.bundle.unit-test";
		};
		04FCA237267816EA00C86A9B /* BetterAuthenticatorUITests */ = {
			isa = PBXNativeTarget;
			buildConfigurationList = 04FCA273267816ED00C86A9B /* Build configuration list for PBXNativeTarget "BetterAuthenticatorUITests" */;
			buildPhases = (
				04FCA234267816EA00C86A9B /* Sources */,
				04FCA235267816EA00C86A9B /* Frameworks */,
				04FCA236267816EA00C86A9B /* Resources */,
			);
			buildRules = (
			);
			dependencies = (
				04FCA23A267816EA00C86A9B /* PBXTargetDependency */,
			);
			name = BetterAuthenticatorUITests;
			productName = BetterAuthenticatorUITests;
			productReference = 04FCA238267816EA00C86A9B /* BetterAuthenticatorUITests.xctest */;
			productType = "com.apple.product-type.bundle.ui-testing";
		};
/* End PBXNativeTarget section */

/* Begin PBXProject section */
		04FCA214267816E700C86A9B /* Project object */ = {
			isa = PBXProject;
			attributes = {
				LastSwiftUpdateCheck = 1240;
				LastUpgradeCheck = 1310;
				TargetAttributes = {
					04696EDA267D13BE00F742CA = {
						CreatedOnToolsVersion = 12.4;
						LastSwiftMigration = 1240;
					};
					04696EE3267D13C000F742CA = {
						CreatedOnToolsVersion = 12.4;
					};
					04FCA21B267816E800C86A9B = {
						CreatedOnToolsVersion = 12.4;
					};
					04FCA22C267816EA00C86A9B = {
						CreatedOnToolsVersion = 12.4;
						TestTargetID = 04FCA21B267816E800C86A9B;
					};
					04FCA237267816EA00C86A9B = {
						CreatedOnToolsVersion = 12.4;
						TestTargetID = 04FCA21B267816E800C86A9B;
					};
				};
			};
			buildConfigurationList = 04FCA217267816E700C86A9B /* Build configuration list for PBXProject "BetterAuthenticator" */;
			compatibilityVersion = "Xcode 9.3";
			developmentRegion = en;
			hasScannedForEncodings = 0;
			knownRegions = (
				en,
				Base,
				ru,
			);
			mainGroup = 04FCA213267816E700C86A9B;
			packageReferences = (
				04696FDF2681DA7F00F742CA /* XCRemoteSwiftPackageReference "Base32" */,
				0417969F26877A470032C996 /* XCRemoteSwiftPackageReference "CodeScanner" */,
			);
			productRefGroup = 04FCA21D267816E800C86A9B /* Products */;
			projectDirPath = "";
			projectRoot = "";
			targets = (
				04FCA21B267816E800C86A9B /* BetterAuthenticator */,
				04FCA22C267816EA00C86A9B /* BetterAuthenticatorTests */,
				04FCA237267816EA00C86A9B /* BetterAuthenticatorUITests */,
				04696EDA267D13BE00F742CA /* watch */,
				04696EE3267D13C000F742CA /* watch Extension */,
			);
		};
/* End PBXProject section */

/* Begin PBXResourcesBuildPhase section */
		04696ED9267D13BE00F742CA /* Resources */ = {
			isa = PBXResourcesBuildPhase;
			buildActionMask = 2147483647;
			files = (
				04696EDE267D13C000F742CA /* Assets.xcassets in Resources */,
			);
			runOnlyForDeploymentPostprocessing = 0;
		};
		04696EE2267D13C000F742CA /* Resources */ = {
			isa = PBXResourcesBuildPhase;
			buildActionMask = 2147483647;
			files = (
				04696EF3267D13C200F742CA /* Preview Assets.xcassets in Resources */,
				04696EF0267D13C200F742CA /* Assets.xcassets in Resources */,
			);
			runOnlyForDeploymentPostprocessing = 0;
		};
		04FCA21A267816E800C86A9B /* Resources */ = {
			isa = PBXResourcesBuildPhase;
			buildActionMask = 2147483647;
			files = (
				04FCA227267816EA00C86A9B /* Preview Assets.xcassets in Resources */,
				BFAC20E72773D3E900D455C4 /* InfoPlist.strings in Resources */,
				0417967426875BBE0032C996 /* Localizable.strings in Resources */,
				04FCA224267816EA00C86A9B /* Assets.xcassets in Resources */,
			);
			runOnlyForDeploymentPostprocessing = 0;
		};
		04FCA22B267816EA00C86A9B /* Resources */ = {
			isa = PBXResourcesBuildPhase;
			buildActionMask = 2147483647;
			files = (
			);
			runOnlyForDeploymentPostprocessing = 0;
		};
		04FCA236267816EA00C86A9B /* Resources */ = {
			isa = PBXResourcesBuildPhase;
			buildActionMask = 2147483647;
			files = (
			);
			runOnlyForDeploymentPostprocessing = 0;
		};
/* End PBXResourcesBuildPhase section */

/* Begin PBXSourcesBuildPhase section */
		04696EE0267D13C000F742CA /* Sources */ = {
			isa = PBXSourcesBuildPhase;
			buildActionMask = 2147483647;
			files = (
				04696EEA267D13C000F742CA /* ContentView.swift in Sources */,
				04696F04267D154700F742CA /* BetterAuthenticatorApp.swift in Sources */,
				04696FD42681CB3000F742CA /* totp.swift in Sources */,
				BF6AAD3F276E749700932ADA /* CodeList.swift in Sources */,
				BF6AAD35276E53F900932ADA /* extensions.swift in Sources */,
				0469700D26820AEF00F742CA /* storage.swift in Sources */,
				04696F53267DCF4C00F742CA /* keychain.swift in Sources */,
				048186C9268A439B00E3F690 /* watch.swift in Sources */,
				BF6AAD3C276E707200932ADA /* codeView.swift in Sources */,
			);
			runOnlyForDeploymentPostprocessing = 0;
		};
		04FCA218267816E800C86A9B /* Sources */ = {
			isa = PBXSourcesBuildPhase;
			buildActionMask = 2147483647;
			files = (
				04696F52267DCF4C00F742CA /* keychain.swift in Sources */,
				04FCA222267816E800C86A9B /* ContentView.swift in Sources */,
				04FCA27C26784F3500C86A9B /* AddView.swift in Sources */,
				048186C8268A439B00E3F690 /* watch.swift in Sources */,
				04FCA28326784F7000C86A9B /* info.swift in Sources */,
				04696FD32681CB3000F742CA /* totp.swift in Sources */,
				BF6AAD32276E3CB900932ADA /* CodeList.swift in Sources */,
				BF6AAD3B276E707200932ADA /* codeView.swift in Sources */,
				041889562684BB1D003F8B71 /* EditView.swift in Sources */,
				BF6AAD41276E8DD200932ADA /* misc.swift in Sources */,
				04696F5F26801C7C00F742CA /* storage.swift in Sources */,
				04FCA220267816E800C86A9B /* BetterAuthenticatorApp.swift in Sources */,
				04D43F5826785C270026FC1E /* ScannerView.swift in Sources */,
				BF6AAD34276E53F900932ADA /* extensions.swift in Sources */,
			);
			runOnlyForDeploymentPostprocessing = 0;
		};
		04FCA229267816EA00C86A9B /* Sources */ = {
			isa = PBXSourcesBuildPhase;
			buildActionMask = 2147483647;
			files = (
				04FCA232267816EA00C86A9B /* BetterAuthenticatorTests.swift in Sources */,
			);
			runOnlyForDeploymentPostprocessing = 0;
		};
		04FCA234267816EA00C86A9B /* Sources */ = {
			isa = PBXSourcesBuildPhase;
			buildActionMask = 2147483647;
			files = (
				04FCA23D267816EA00C86A9B /* BetterAuthenticatorUITests.swift in Sources */,
			);
			runOnlyForDeploymentPostprocessing = 0;
		};
/* End PBXSourcesBuildPhase section */

/* Begin PBXTargetDependency section */
		04696EE7267D13C000F742CA /* PBXTargetDependency */ = {
			isa = PBXTargetDependency;
			target = 04696EE3267D13C000F742CA /* watch Extension */;
			targetProxy = 04696EE6267D13C000F742CA /* PBXContainerItemProxy */;
		};
		04696EF6267D13C200F742CA /* PBXTargetDependency */ = {
			isa = PBXTargetDependency;
			target = 04696EDA267D13BE00F742CA /* watch */;
			targetProxy = 04696EF5267D13C200F742CA /* PBXContainerItemProxy */;
		};
		04FCA22F267816EA00C86A9B /* PBXTargetDependency */ = {
			isa = PBXTargetDependency;
			target = 04FCA21B267816E800C86A9B /* BetterAuthenticator */;
			targetProxy = 04FCA22E267816EA00C86A9B /* PBXContainerItemProxy */;
		};
		04FCA23A267816EA00C86A9B /* PBXTargetDependency */ = {
			isa = PBXTargetDependency;
			target = 04FCA21B267816E800C86A9B /* BetterAuthenticator */;
			targetProxy = 04FCA239267816EA00C86A9B /* PBXContainerItemProxy */;
		};
/* End PBXTargetDependency section */

/* Begin PBXVariantGroup section */
		0417967626875BBE0032C996 /* Localizable.strings */ = {
			isa = PBXVariantGroup;
			children = (
				0417967726875BC50032C996 /* ru */,
				BF68B98C27D75FE70087BA99 /* en */,
			);
			name = Localizable.strings;
			sourceTree = "<group>";
		};
		BFAC20E92773D3E900D455C4 /* InfoPlist.strings */ = {
			isa = PBXVariantGroup;
			children = (
				BFAC20E82773D3E900D455C4 /* ru */,
				BF68B98D27D760580087BA99 /* en */,
			);
			name = InfoPlist.strings;
			sourceTree = "<group>";
		};
/* End PBXVariantGroup section */

/* Begin XCBuildConfiguration section */
		04696EF9267D13C200F742CA /* Debug */ = {
			isa = XCBuildConfiguration;
			buildSettings = {
				ASSETCATALOG_COMPILER_COMPLICATION_NAME = Complication;
				CODE_SIGN_ENTITLEMENTS = "watch Extension/watch Extension.entitlements";
				CODE_SIGN_STYLE = Automatic;
				CURRENT_PROJECT_VERSION = 5;
				DEVELOPMENT_ASSET_PATHS = "\"watch Extension/Preview Content\"";
				DEVELOPMENT_TEAM = GNT7AT6CLX;
				ENABLE_PREVIEWS = YES;
				INFOPLIST_FILE = "watch Extension/Info.plist";
				LD_RUNPATH_SEARCH_PATHS = (
					"$(inherited)",
					"@executable_path/Frameworks",
					"@executable_path/../../Frameworks",
				);
				MARKETING_VERSION = 1.2.1;
				PRODUCT_BUNDLE_IDENTIFIER = pw.snostorm.BetterAuthenticator.watchkitapp.watchkitappextension;
				PRODUCT_NAME = "${TARGET_NAME}";
				SDKROOT = watchos;
				SKIP_INSTALL = YES;
				SWIFT_VERSION = 5.0;
				TARGETED_DEVICE_FAMILY = 4;
				WATCHOS_DEPLOYMENT_TARGET = 7.2;
			};
			name = Debug;
		};
		04696EFA267D13C200F742CA /* Release */ = {
			isa = XCBuildConfiguration;
			buildSettings = {
				ASSETCATALOG_COMPILER_COMPLICATION_NAME = Complication;
				CODE_SIGN_ENTITLEMENTS = "watch Extension/watch Extension.entitlements";
				CODE_SIGN_STYLE = Automatic;
				CURRENT_PROJECT_VERSION = 5;
				DEVELOPMENT_ASSET_PATHS = "\"watch Extension/Preview Content\"";
				DEVELOPMENT_TEAM = GNT7AT6CLX;
				ENABLE_PREVIEWS = YES;
				INFOPLIST_FILE = "watch Extension/Info.plist";
				LD_RUNPATH_SEARCH_PATHS = (
					"$(inherited)",
					"@executable_path/Frameworks",
					"@executable_path/../../Frameworks",
				);
				MARKETING_VERSION = 1.2.1;
				PRODUCT_BUNDLE_IDENTIFIER = pw.snostorm.BetterAuthenticator.watchkitapp.watchkitappextension;
				PRODUCT_NAME = "${TARGET_NAME}";
				SDKROOT = watchos;
				SKIP_INSTALL = YES;
				SWIFT_VERSION = 5.0;
				TARGETED_DEVICE_FAMILY = 4;
				VALIDATE_PRODUCT = YES;
				WATCHOS_DEPLOYMENT_TARGET = 7.2;
			};
			name = Release;
		};
		04696EFD267D13C200F742CA /* Debug */ = {
			isa = XCBuildConfiguration;
			buildSettings = {
				ALWAYS_EMBED_SWIFT_STANDARD_LIBRARIES = YES;
				ASSETCATALOG_COMPILER_APPICON_NAME = AppIcon;
				ASSETCATALOG_COMPILER_GLOBAL_ACCENT_COLOR_NAME = AccentColor;
				CLANG_ENABLE_MODULES = YES;
				CODE_SIGN_ENTITLEMENTS = watch/watch.entitlements;
				CODE_SIGN_STYLE = Automatic;
				CURRENT_PROJECT_VERSION = 5;
				DEVELOPMENT_TEAM = GNT7AT6CLX;
				IBSC_MODULE = watch_Extension;
				INFOPLIST_FILE = watch/Info.plist;
				LD_RUNPATH_SEARCH_PATHS = (
					"$(inherited)",
					"@executable_path/../Frameworks",
					"@loader_path/../Frameworks",
				);
				MARKETING_VERSION = 1.2.1;
				PRODUCT_BUNDLE_IDENTIFIER = pw.snostorm.BetterAuthenticator.watchkitapp;
				PRODUCT_NAME = "$(TARGET_NAME)";
				SDKROOT = watchos;
				SKIP_INSTALL = YES;
				SWIFT_OBJC_BRIDGING_HEADER = "BetterAuthenticator/shared/watch-Bridging-Header.h";
				SWIFT_OPTIMIZATION_LEVEL = "-Onone";
				SWIFT_VERSION = 5.0;
				TARGETED_DEVICE_FAMILY = 4;
				WATCHOS_DEPLOYMENT_TARGET = 7.2;
			};
			name = Debug;
		};
		04696EFE267D13C200F742CA /* Release */ = {
			isa = XCBuildConfiguration;
			buildSettings = {
				ALWAYS_EMBED_SWIFT_STANDARD_LIBRARIES = YES;
				ASSETCATALOG_COMPILER_APPICON_NAME = AppIcon;
				ASSETCATALOG_COMPILER_GLOBAL_ACCENT_COLOR_NAME = AccentColor;
				CLANG_ENABLE_MODULES = YES;
				CODE_SIGN_ENTITLEMENTS = watch/watch.entitlements;
				CODE_SIGN_STYLE = Automatic;
				CURRENT_PROJECT_VERSION = 5;
				DEVELOPMENT_TEAM = GNT7AT6CLX;
				IBSC_MODULE = watch_Extension;
				INFOPLIST_FILE = watch/Info.plist;
				LD_RUNPATH_SEARCH_PATHS = (
					"$(inherited)",
					"@executable_path/../Frameworks",
					"@loader_path/../Frameworks",
				);
				MARKETING_VERSION = 1.2.1;
				PRODUCT_BUNDLE_IDENTIFIER = pw.snostorm.BetterAuthenticator.watchkitapp;
				PRODUCT_NAME = "$(TARGET_NAME)";
				SDKROOT = watchos;
				SKIP_INSTALL = YES;
				SWIFT_OBJC_BRIDGING_HEADER = "BetterAuthenticator/shared/watch-Bridging-Header.h";
				SWIFT_VERSION = 5.0;
				TARGETED_DEVICE_FAMILY = 4;
				VALIDATE_PRODUCT = YES;
				WATCHOS_DEPLOYMENT_TARGET = 7.2;
			};
			name = Release;
		};
		04FCA263267816ED00C86A9B /* Debug */ = {
			isa = XCBuildConfiguration;
			buildSettings = {
				ALWAYS_SEARCH_USER_PATHS = NO;
				CLANG_ANALYZER_LOCALIZABILITY_NONLOCALIZED = YES;
				CLANG_ANALYZER_NONNULL = YES;
				CLANG_ANALYZER_NUMBER_OBJECT_CONVERSION = YES_AGGRESSIVE;
				CLANG_CXX_LANGUAGE_STANDARD = "gnu++14";
				CLANG_CXX_LIBRARY = "libc++";
				CLANG_ENABLE_MODULES = YES;
				CLANG_ENABLE_OBJC_ARC = YES;
				CLANG_ENABLE_OBJC_WEAK = YES;
				CLANG_WARN_BLOCK_CAPTURE_AUTORELEASING = YES;
				CLANG_WARN_BOOL_CONVERSION = YES;
				CLANG_WARN_COMMA = YES;
				CLANG_WARN_CONSTANT_CONVERSION = YES;
				CLANG_WARN_DEPRECATED_OBJC_IMPLEMENTATIONS = YES;
				CLANG_WARN_DIRECT_OBJC_ISA_USAGE = YES_ERROR;
				CLANG_WARN_DOCUMENTATION_COMMENTS = YES;
				CLANG_WARN_EMPTY_BODY = YES;
				CLANG_WARN_ENUM_CONVERSION = YES;
				CLANG_WARN_INFINITE_RECURSION = YES;
				CLANG_WARN_INT_CONVERSION = YES;
				CLANG_WARN_NON_LITERAL_NULL_CONVERSION = YES;
				CLANG_WARN_OBJC_IMPLICIT_RETAIN_SELF = YES;
				CLANG_WARN_OBJC_LITERAL_CONVERSION = YES;
				CLANG_WARN_OBJC_ROOT_CLASS = YES_ERROR;
				CLANG_WARN_QUOTED_INCLUDE_IN_FRAMEWORK_HEADER = YES;
				CLANG_WARN_RANGE_LOOP_ANALYSIS = YES;
				CLANG_WARN_STRICT_PROTOTYPES = YES;
				CLANG_WARN_SUSPICIOUS_MOVE = YES;
				CLANG_WARN_UNGUARDED_AVAILABILITY = YES_AGGRESSIVE;
				CLANG_WARN_UNREACHABLE_CODE = YES;
				CLANG_WARN__DUPLICATE_METHOD_MATCH = YES;
				COPY_PHASE_STRIP = NO;
				DEBUG_INFORMATION_FORMAT = dwarf;
				ENABLE_STRICT_OBJC_MSGSEND = YES;
				ENABLE_TESTABILITY = YES;
				GCC_C_LANGUAGE_STANDARD = gnu11;
				GCC_DYNAMIC_NO_PIC = NO;
				GCC_NO_COMMON_BLOCKS = YES;
				GCC_OPTIMIZATION_LEVEL = 0;
				GCC_PREPROCESSOR_DEFINITIONS = (
					"DEBUG=1",
					"$(inherited)",
				);
				GCC_WARN_64_TO_32_BIT_CONVERSION = YES;
				GCC_WARN_ABOUT_RETURN_TYPE = YES_ERROR;
				GCC_WARN_UNDECLARED_SELECTOR = YES;
				GCC_WARN_UNINITIALIZED_AUTOS = YES_AGGRESSIVE;
				GCC_WARN_UNUSED_FUNCTION = YES;
				GCC_WARN_UNUSED_VARIABLE = YES;
				IPHONEOS_DEPLOYMENT_TARGET = 14.5;
				MTL_ENABLE_DEBUG_INFO = INCLUDE_SOURCE;
				MTL_FAST_MATH = YES;
				ONLY_ACTIVE_ARCH = YES;
				SWIFT_ACTIVE_COMPILATION_CONDITIONS = DEBUG;
				SWIFT_OPTIMIZATION_LEVEL = "-Onone";
			};
			name = Debug;
		};
		04FCA264267816ED00C86A9B /* Release */ = {
			isa = XCBuildConfiguration;
			buildSettings = {
				ALWAYS_SEARCH_USER_PATHS = NO;
				CLANG_ANALYZER_LOCALIZABILITY_NONLOCALIZED = YES;
				CLANG_ANALYZER_NONNULL = YES;
				CLANG_ANALYZER_NUMBER_OBJECT_CONVERSION = YES_AGGRESSIVE;
				CLANG_CXX_LANGUAGE_STANDARD = "gnu++14";
				CLANG_CXX_LIBRARY = "libc++";
				CLANG_ENABLE_MODULES = YES;
				CLANG_ENABLE_OBJC_ARC = YES;
				CLANG_ENABLE_OBJC_WEAK = YES;
				CLANG_WARN_BLOCK_CAPTURE_AUTORELEASING = YES;
				CLANG_WARN_BOOL_CONVERSION = YES;
				CLANG_WARN_COMMA = YES;
				CLANG_WARN_CONSTANT_CONVERSION = YES;
				CLANG_WARN_DEPRECATED_OBJC_IMPLEMENTATIONS = YES;
				CLANG_WARN_DIRECT_OBJC_ISA_USAGE = YES_ERROR;
				CLANG_WARN_DOCUMENTATION_COMMENTS = YES;
				CLANG_WARN_EMPTY_BODY = YES;
				CLANG_WARN_ENUM_CONVERSION = YES;
				CLANG_WARN_INFINITE_RECURSION = YES;
				CLANG_WARN_INT_CONVERSION = YES;
				CLANG_WARN_NON_LITERAL_NULL_CONVERSION = YES;
				CLANG_WARN_OBJC_IMPLICIT_RETAIN_SELF = YES;
				CLANG_WARN_OBJC_LITERAL_CONVERSION = YES;
				CLANG_WARN_OBJC_ROOT_CLASS = YES_ERROR;
				CLANG_WARN_QUOTED_INCLUDE_IN_FRAMEWORK_HEADER = YES;
				CLANG_WARN_RANGE_LOOP_ANALYSIS = YES;
				CLANG_WARN_STRICT_PROTOTYPES = YES;
				CLANG_WARN_SUSPICIOUS_MOVE = YES;
				CLANG_WARN_UNGUARDED_AVAILABILITY = YES_AGGRESSIVE;
				CLANG_WARN_UNREACHABLE_CODE = YES;
				CLANG_WARN__DUPLICATE_METHOD_MATCH = YES;
				COPY_PHASE_STRIP = NO;
				DEBUG_INFORMATION_FORMAT = "dwarf-with-dsym";
				ENABLE_NS_ASSERTIONS = NO;
				ENABLE_STRICT_OBJC_MSGSEND = YES;
				GCC_C_LANGUAGE_STANDARD = gnu11;
				GCC_NO_COMMON_BLOCKS = YES;
				GCC_WARN_64_TO_32_BIT_CONVERSION = YES;
				GCC_WARN_ABOUT_RETURN_TYPE = YES_ERROR;
				GCC_WARN_UNDECLARED_SELECTOR = YES;
				GCC_WARN_UNINITIALIZED_AUTOS = YES_AGGRESSIVE;
				GCC_WARN_UNUSED_FUNCTION = YES;
				GCC_WARN_UNUSED_VARIABLE = YES;
				IPHONEOS_DEPLOYMENT_TARGET = 14.5;
				MTL_ENABLE_DEBUG_INFO = NO;
				MTL_FAST_MATH = YES;
				SWIFT_COMPILATION_MODE = wholemodule;
				SWIFT_OPTIMIZATION_LEVEL = "-O";
			};
			name = Release;
		};
		04FCA26E267816ED00C86A9B /* Debug */ = {
			isa = XCBuildConfiguration;
			buildSettings = {
				ASSETCATALOG_COMPILER_APPICON_NAME = AppIcon;
				ASSETCATALOG_COMPILER_GLOBAL_ACCENT_COLOR_NAME = AccentColor;
				CODE_SIGN_ENTITLEMENTS = BetterAuthenticator/BetterAuthenticator.entitlements;
				CODE_SIGN_STYLE = Automatic;
				CURRENT_PROJECT_VERSION = 5;
				DEVELOPMENT_ASSET_PATHS = "\"BetterAuthenticator/Preview Content\"";
				DEVELOPMENT_TEAM = GNT7AT6CLX;
				ENABLE_PREVIEWS = YES;
				INFOPLIST_FILE = BetterAuthenticator/Info.plist;
				IPHONEOS_DEPLOYMENT_TARGET = 14.4;
				LD_RUNPATH_SEARCH_PATHS = (
					"$(inherited)",
					"@executable_path/Frameworks",
				);
				MARKETING_VERSION = 1.2.1;
				PRODUCT_BUNDLE_IDENTIFIER = pw.snostorm.BetterAuthenticator;
				PRODUCT_NAME = "$(TARGET_NAME)";
				SDKROOT = iphoneos;
				SWIFT_VERSION = 5.0;
				TARGETED_DEVICE_FAMILY = "1,2";
			};
			name = Debug;
		};
		04FCA26F267816ED00C86A9B /* Release */ = {
			isa = XCBuildConfiguration;
			buildSettings = {
				ASSETCATALOG_COMPILER_APPICON_NAME = AppIcon;
				ASSETCATALOG_COMPILER_GLOBAL_ACCENT_COLOR_NAME = AccentColor;
				CODE_SIGN_ENTITLEMENTS = BetterAuthenticator/BetterAuthenticator.entitlements;
				CODE_SIGN_STYLE = Automatic;
				CURRENT_PROJECT_VERSION = 5;
				DEVELOPMENT_ASSET_PATHS = "\"BetterAuthenticator/Preview Content\"";
				DEVELOPMENT_TEAM = GNT7AT6CLX;
				ENABLE_PREVIEWS = YES;
				INFOPLIST_FILE = BetterAuthenticator/Info.plist;
				IPHONEOS_DEPLOYMENT_TARGET = 14.4;
				LD_RUNPATH_SEARCH_PATHS = (
					"$(inherited)",
					"@executable_path/Frameworks",
				);
				MARKETING_VERSION = 1.2.1;
				PRODUCT_BUNDLE_IDENTIFIER = pw.snostorm.BetterAuthenticator;
				PRODUCT_NAME = "$(TARGET_NAME)";
				SDKROOT = iphoneos;
				SWIFT_VERSION = 5.0;
				TARGETED_DEVICE_FAMILY = "1,2";
				VALIDATE_PRODUCT = YES;
			};
			name = Release;
		};
		04FCA271267816ED00C86A9B /* Debug */ = {
			isa = XCBuildConfiguration;
			buildSettings = {
				ALWAYS_EMBED_SWIFT_STANDARD_LIBRARIES = YES;
				BUNDLE_LOADER = "$(TEST_HOST)";
				CODE_SIGN_STYLE = Automatic;
				DEVELOPMENT_TEAM = GNT7AT6CLX;
				INFOPLIST_FILE = BetterAuthenticatorTests/Info.plist;
				IPHONEOS_DEPLOYMENT_TARGET = 14.4;
				LD_RUNPATH_SEARCH_PATHS = (
					"$(inherited)",
					"@executable_path/Frameworks",
					"@loader_path/Frameworks",
				);
				PRODUCT_BUNDLE_IDENTIFIER = pw.snostorm.BetterAuthenticatorTests;
				PRODUCT_NAME = "$(TARGET_NAME)";
				SDKROOT = iphoneos;
				SWIFT_VERSION = 5.0;
				TARGETED_DEVICE_FAMILY = "1,2";
				TEST_HOST = "$(BUILT_PRODUCTS_DIR)/BetterAuthenticator.app/BetterAuthenticator";
			};
			name = Debug;
		};
		04FCA272267816ED00C86A9B /* Release */ = {
			isa = XCBuildConfiguration;
			buildSettings = {
				ALWAYS_EMBED_SWIFT_STANDARD_LIBRARIES = YES;
				BUNDLE_LOADER = "$(TEST_HOST)";
				CODE_SIGN_STYLE = Automatic;
				DEVELOPMENT_TEAM = GNT7AT6CLX;
				INFOPLIST_FILE = BetterAuthenticatorTests/Info.plist;
				IPHONEOS_DEPLOYMENT_TARGET = 14.4;
				LD_RUNPATH_SEARCH_PATHS = (
					"$(inherited)",
					"@executable_path/Frameworks",
					"@loader_path/Frameworks",
				);
				PRODUCT_BUNDLE_IDENTIFIER = pw.snostorm.BetterAuthenticatorTests;
				PRODUCT_NAME = "$(TARGET_NAME)";
				SDKROOT = iphoneos;
				SWIFT_VERSION = 5.0;
				TARGETED_DEVICE_FAMILY = "1,2";
				TEST_HOST = "$(BUILT_PRODUCTS_DIR)/BetterAuthenticator.app/BetterAuthenticator";
				VALIDATE_PRODUCT = YES;
			};
			name = Release;
		};
		04FCA274267816ED00C86A9B /* Debug */ = {
			isa = XCBuildConfiguration;
			buildSettings = {
				ALWAYS_EMBED_SWIFT_STANDARD_LIBRARIES = YES;
				CODE_SIGN_STYLE = Automatic;
				DEVELOPMENT_TEAM = GNT7AT6CLX;
				INFOPLIST_FILE = BetterAuthenticatorUITests/Info.plist;
				IPHONEOS_DEPLOYMENT_TARGET = 14.4;
				LD_RUNPATH_SEARCH_PATHS = (
					"$(inherited)",
					"@executable_path/Frameworks",
					"@loader_path/Frameworks",
				);
				PRODUCT_BUNDLE_IDENTIFIER = pw.snostorm.BetterAuthenticatorUITests;
				PRODUCT_NAME = "$(TARGET_NAME)";
				SDKROOT = iphoneos;
				SWIFT_VERSION = 5.0;
				TARGETED_DEVICE_FAMILY = "1,2";
				TEST_TARGET_NAME = BetterAuthenticator;
			};
			name = Debug;
		};
		04FCA275267816ED00C86A9B /* Release */ = {
			isa = XCBuildConfiguration;
			buildSettings = {
				ALWAYS_EMBED_SWIFT_STANDARD_LIBRARIES = YES;
				CODE_SIGN_STYLE = Automatic;
				DEVELOPMENT_TEAM = GNT7AT6CLX;
				INFOPLIST_FILE = BetterAuthenticatorUITests/Info.plist;
				IPHONEOS_DEPLOYMENT_TARGET = 14.4;
				LD_RUNPATH_SEARCH_PATHS = (
					"$(inherited)",
					"@executable_path/Frameworks",
					"@loader_path/Frameworks",
				);
				PRODUCT_BUNDLE_IDENTIFIER = pw.snostorm.BetterAuthenticatorUITests;
				PRODUCT_NAME = "$(TARGET_NAME)";
				SDKROOT = iphoneos;
				SWIFT_VERSION = 5.0;
				TARGETED_DEVICE_FAMILY = "1,2";
				TEST_TARGET_NAME = BetterAuthenticator;
				VALIDATE_PRODUCT = YES;
			};
			name = Release;
		};
/* End XCBuildConfiguration section */

/* Begin XCConfigurationList section */
		04696EF8267D13C200F742CA /* Build configuration list for PBXNativeTarget "watch Extension" */ = {
			isa = XCConfigurationList;
			buildConfigurations = (
				04696EF9267D13C200F742CA /* Debug */,
				04696EFA267D13C200F742CA /* Release */,
			);
			defaultConfigurationIsVisible = 0;
			defaultConfigurationName = Release;
		};
		04696EFC267D13C200F742CA /* Build configuration list for PBXNativeTarget "watch" */ = {
			isa = XCConfigurationList;
			buildConfigurations = (
				04696EFD267D13C200F742CA /* Debug */,
				04696EFE267D13C200F742CA /* Release */,
			);
			defaultConfigurationIsVisible = 0;
			defaultConfigurationName = Release;
		};
		04FCA217267816E700C86A9B /* Build configuration list for PBXProject "BetterAuthenticator" */ = {
			isa = XCConfigurationList;
			buildConfigurations = (
				04FCA263267816ED00C86A9B /* Debug */,
				04FCA264267816ED00C86A9B /* Release */,
			);
			defaultConfigurationIsVisible = 0;
			defaultConfigurationName = Release;
		};
		04FCA26D267816ED00C86A9B /* Build configuration list for PBXNativeTarget "BetterAuthenticator" */ = {
			isa = XCConfigurationList;
			buildConfigurations = (
				04FCA26E267816ED00C86A9B /* Debug */,
				04FCA26F267816ED00C86A9B /* Release */,
			);
			defaultConfigurationIsVisible = 0;
			defaultConfigurationName = Release;
		};
		04FCA270267816ED00C86A9B /* Build configuration list for PBXNativeTarget "BetterAuthenticatorTests" */ = {
			isa = XCConfigurationList;
			buildConfigurations = (
				04FCA271267816ED00C86A9B /* Debug */,
				04FCA272267816ED00C86A9B /* Release */,
			);
			defaultConfigurationIsVisible = 0;
			defaultConfigurationName = Release;
		};
		04FCA273267816ED00C86A9B /* Build configuration list for PBXNativeTarget "BetterAuthenticatorUITests" */ = {
			isa = XCConfigurationList;
			buildConfigurations = (
				04FCA274267816ED00C86A9B /* Debug */,
				04FCA275267816ED00C86A9B /* Release */,
			);
			defaultConfigurationIsVisible = 0;
			defaultConfigurationName = Release;
		};
/* End XCConfigurationList section */

/* Begin XCRemoteSwiftPackageReference section */
		0417969F26877A470032C996 /* XCRemoteSwiftPackageReference "CodeScanner" */ = {
			isa = XCRemoteSwiftPackageReference;
			repositoryURL = "https://github.com/twostraws/CodeScanner.git";
			requirement = {
				kind = upToNextMajorVersion;
				minimumVersion = 1.0.7;
			};
		};
		04696FDF2681DA7F00F742CA /* XCRemoteSwiftPackageReference "Base32" */ = {
			isa = XCRemoteSwiftPackageReference;
			repositoryURL = "https://github.com/norio-nomura/Base32.git";
			requirement = {
				kind = upToNextMajorVersion;
				minimumVersion = 0.9.0;
			};
		};
/* End XCRemoteSwiftPackageReference section */

/* Begin XCSwiftPackageProductDependency section */
		041796A026877A470032C996 /* CodeScanner */ = {
			isa = XCSwiftPackageProductDependency;
			package = 0417969F26877A470032C996 /* XCRemoteSwiftPackageReference "CodeScanner" */;
			productName = CodeScanner;
		};
		04696FE02681DA7F00F742CA /* Base32 */ = {
			isa = XCSwiftPackageProductDependency;
			package = 04696FDF2681DA7F00F742CA /* XCRemoteSwiftPackageReference "Base32" */;
			productName = Base32;
		};
		046970012681EFDE00F742CA /* Base32 */ = {
			isa = XCSwiftPackageProductDependency;
			package = 04696FDF2681DA7F00F742CA /* XCRemoteSwiftPackageReference "Base32" */;
			productName = Base32;
		};
/* End XCSwiftPackageProductDependency section */
	};
	rootObject = 04FCA214267816E700C86A9B /* Project object */;
}
